<Solution Description="Visual Studio slnx file generated by Premake" Version="1.4">
  <Configurations>
    <BuildType Name="Debug" />
    <BuildType Name="Dist" />
    <BuildType Name="Release" />
    <Platform Name="x64" />
  </Configurations>
  <Project Path="Sandbox\Sandbox.vcxproj" Id="F4C124E3-60A1-A37E-69B9-2E55D5170AE0">
  </Project>
  <Project Path="Violet\Violet.vcxproj" Id="B86E25D8-A410-50AE-8DCB-6302790CD7FE">
  </Project>
</Solution>